[[package]]
category = "main"
description = "Better dates and times for Python"
name = "arrow"
optional = false
python-versions = ">=2.7, !=3.0.*, !=3.1.*, !=3.2.*, !=3.3.*, !=3.4.*"
version = "0.14.2"

[package.dependencies]
python-dateutil = "*"

[[package]]
category = "main"
description = "Classes Without Boilerplate"
name = "attrs"
optional = false
python-versions = "*"
version = "18.1.0"

[[package]]
category = "main"
description = "A simple wrapper around optparse for powerful command line utilities."
name = "click"
optional = false
python-versions = "*"
version = "6.7"

[[package]]
category = "main"
description = "Define Web Services in Pyramid."
name = "cornice"
optional = false
python-versions = "*"
version = "3.5.1"

[package.dependencies]
pyramid = ">=1.7"
simplejson = "*"
six = "*"
venusian = "*"

[[package]]
category = "main"
description = "Integrated process monitor for developing and reloading daemons."
name = "hupper"
optional = false
python-versions = ">=2.7,!=3.0.*,!=3.1.*,!=3.2.*,!=3.3.*"
version = "1.8.1"

[[package]]
category = "main"
description = "A lightweight library for converting complex datatypes to and from native Python datatypes."
name = "marshmallow"
optional = false
python-versions = ">=3.5"
version = "3.0.0rc7"

[[package]]
category = "main"
description = "NumPy: array processing for numbers, strings, records, and objects."
name = "numpy"
optional = false
python-versions = ">=2.7,!=3.0.*,!=3.1.*,!=3.2.*,!=3.3.*"
version = "1.15.0"

[[package]]
category = "main"
description = "Load, configure, and compose WSGI applications and servers"
name = "pastedeploy"
optional = false
python-versions = "*"
version = "2.0.1"

[[package]]
category = "main"
description = "A loader interface around multiple config file formats."
name = "plaster"
optional = false
python-versions = ">=2.7,!=3.0.*,!=3.1.*,!=3.2.*,!=3.3.*"
version = "1.0"

[package.dependencies]
setuptools = "*"

[[package]]
category = "main"
description = "A loader implementing the PasteDeploy syntax to be used by plaster."
name = "plaster-pastedeploy"
optional = false
python-versions = ">=2.7,!=3.0.*,!=3.1.*,!=3.2.*,!=3.3.*"
version = "0.7"

[package.dependencies]
PasteDeploy = ">=2.0"
plaster = ">=0.5"

[[package]]
category = "main"
description = "An easy-to-use Python wrapper for NSAppleScript, allowing Python scripts to communicate with AppleScripts and AppleScriptable applications."
name = "py-applescript"
optional = false
python-versions = "*"
version = "1.0.1"

[[package]]
category = "main"
description = "Python<->ObjC Interoperability Module"
name = "pyobjc-core"
optional = false
python-versions = "*"
version = "4.2.2"

[[package]]
category = "main"
description = "Wrappers for the framework AppleScriptKit on macOS"
name = "pyobjc-framework-applescriptkit"
optional = false
python-versions = "*"
version = "4.2.2"

[package.dependencies]
pyobjc-core = ">=4.2.2"
pyobjc-framework-Cocoa = ">=4.2.2"

[[package]]
category = "main"
description = "Wrappers for the Cocoa frameworks on macOS"
name = "pyobjc-framework-cocoa"
optional = false
python-versions = "*"
version = "4.2.2"

[package.dependencies]
pyobjc-core = ">=4.2.2"

[[package]]
category = "main"
description = "The Pyramid Web Framework, a Pylons project"
name = "pyramid"
optional = false
python-versions = ">=2.7,!=3.0.*,!=3.1.*,!=3.2.*,!=3.3.*"
version = "1.10.4"

[package.dependencies]
hupper = ">=1.5"
plaster = "*"
plaster-pastedeploy = "*"
setuptools = "*"
translationstring = ">=0.4"
venusian = ">=1.0"
webob = ">=1.8.3"
"zope.deprecation" = ">=3.5.0"
"zope.interface" = ">=3.8.0"

[[package]]
category = "main"
description = "Extensions to the standard Python datetime module"
name = "python-dateutil"
optional = false
python-versions = ">=2.7, !=3.0.*, !=3.1.*, !=3.2.*"
version = "2.8.0"

[package.dependencies]
six = ">=1.5"

[[package]]
category = "main"
description = "Simple, fast, extensible JSON encoder/decoder for Python"
name = "simplejson"
optional = false
python-versions = "*"
version = "3.16.0"

[[package]]
category = "main"
description = "Python 2 and 3 compatibility utilities"
name = "six"
optional = false
python-versions = ">=2.6, !=3.0.*, !=3.1.*"
version = "1.12.0"

[[package]]
category = "main"
description = "Fast, Extensible Progress Meter"
name = "tqdm"
optional = false
python-versions = ">=2.6, !=3.0.*, !=3.1.*"
version = "4.24.0"

[[package]]
category = "main"
description = "Utility library for i18n relied on by various Repoze and Pyramid packages"
name = "translationstring"
optional = false
python-versions = "*"
version = "1.3"

[[package]]
category = "main"
description = "A library for deferring decorator actions"
name = "venusian"
optional = false
python-versions = "*"
version = "1.2.0"

[[package]]
category = "main"
description = "Waitress WSGI server"
name = "waitress"
optional = false
python-versions = "*"
version = "1.3.0"

[[package]]
category = "main"
description = "WSGI request and response object"
name = "webob"
optional = false
python-versions = ">=2.7,!=3.0.*,!=3.1.*,!=3.2.*"
version = "1.8.5"

[[package]]
category = "main"
description = "Zope Deprecation Infrastructure"
name = "zope.deprecation"
optional = false
python-versions = "*"
version = "4.4.0"

[package.dependencies]
setuptools = "*"

[[package]]
category = "main"
description = "Interfaces for Python"
name = "zope.interface"
optional = false
python-versions = ">=2.7, !=3.0.*, !=3.1.*, !=3.2.*, !=3.3.*"
version = "4.6.0"

[package.dependencies]
setuptools = "*"

[metadata]
content-hash = "00a603fc9d7655ccf92bda51c667e770793f41a1567c477d9d0253a966679eb5"
python-versions = "^3.5"

[metadata.hashes]
arrow = ["03404b624e89ac5e4fc19c52045fa0f3203419fd4dd64f6e8958c522580a574a", "41be7ea4c53c2cf57bf30f2d614f60c411160133f7a0a8c49111c30fb7e725b5"]
attrs = ["4b90b09eeeb9b88c35bc642cbac057e45a5fd85367b985bd2809c62b7b939265", "e0d0eb91441a3b53dab4d9b743eafc1ac44476296a2053b6ca3af0b139faf87b"]
click = ["29f99fc6125fbc931b758dc053b3114e55c77a6e4c6c3a2674a2dc986016381d", "f15516df478d5a56180fbf80e68f206010e6d160fc39fa508b65e035fd75130b"]
cornice = ["e95dceaee9ce16a09564c1226977a0fe62f1399701581b59c4188f5c91a86687", "ee6ea5b83d0c05ef978f63ef627824e90b63a6525a47fe173bcee7680288e309"]
hupper = ["5869ec2a46ba8ad481b0a27ca68f3e01dc7d3424925b7c872d9fcdff44b43442", "8532d116fef1f89add74dbd8d5e6541cb3278b04f4fe9780a1356cb6adba1141"]
marshmallow = ["1ba81630e38a4c143faf54833357758d0b013ba8b0707b115f795153e970e5c4", "f8dcb1f1fb9ebd26b2edc91878f32a229a3c079520611a21955bf9d73be2ab41"]
numpy = ["14fb76bde161c87dcec52d91c78f65aa8a23aa2e1530a71f412dabe03927d917", "21041014b7529237994a6b578701c585703fbb3b1bea356cdb12a5ea7804241c", "24f3bb9a5f6c3936a8ccd4ddfc1210d9511f4aeb879a12efd2e80bec647b8695", "34033b581bc01b1135ca2e3e93a94daea7c739f21a97a75cca93e29d9f0c8e71", "3fbccb399fe9095b1c1d7b41e7c7867db8aa0d2347fc44c87a7a180cedda112b", "50718eea8e77a1bedcc85befd22c8dbf5a24c9d2c0c1e36bbb8d7a38da847eb3", "55daf757e5f69aa75b4477cf4511bf1f96325c730e4ad32d954ccb593acd2585", "61efc65f325770bbe787f34e00607bc124f08e6c25fdf04723848585e81560dc", "62cb836506f40ce2529bfba9d09edc4b2687dd18c56cf4457e51c3e7145402fd", "64c6acf5175745fd1b7b7e17c74fdbfb7191af3b378bc54f44560279f41238d3", "674ea7917f0657ddb6976bd102ac341bc493d072c32a59b98e5b8c6eaa2d5ec0", "73a816e441dace289302e04a7a34ec4772ed234ab6885c968e3ca2fc2d06fe2d", "78c35dc7ad184aebf3714dbf43f054714c6e430e14b9c06c49a864fb9e262030", "7f17efe9605444fcbfd990ba9b03371552d65a3c259fc2d258c24fb95afdd728", "816645178f2180be257a576b735d3ae245b1982280b97ae819550ce8bcdf2b6b", "924f37e66db78464b4b85ed4b6d2e5cda0c0416e657cac7ccbef14b9fa2c40b5", "a17a8fd5df4fec5b56b4d11c9ba8b9ebfb883c90ec361628d07be00aaa4f009a", "aaa519335a71f87217ca8a680c3b66b61960e148407bdf5c209c42f50fe30f49", "ae3864816287d0e86ead580b69921daec568fe680857f07ee2a87bf7fd77ce24", "b5f8c15cb9173f6cdf0f994955e58d1265331029ae26296232379461a297e5f2", "c3ac359ace241707e5a48fe2922e566ac666aacacf4f8031f2994ac429c31344", "c7c660cc0209fdf29a4e50146ca9ac9d8664acaded6b6ae2f5d0ae2e91a0f0cd", "d690a2ff49f6c3bc35336693c9924fe5916be3cc0503fe1ea6c7e2bf951409ee", "e2317cf091c2e7f0dacdc2e72c693cc34403ca1f8e3807622d0bb653dc978616", "f28e73cf18d37a413f7d5de35d024e6b98f14566a10d82100f9dc491a7d449f9", "f2a778dd9bb3e4590dbe3bbac28e7c7134280c4ec97e3bf8678170ee58c67b21", "f5a758252502b466b9c2b201ea397dae5a914336c987f3a76c3741a82d43c96e", "fb4c33a404d9eff49a0cdc8ead0af6453f62f19e071b60d283f9dc05581e4134"]
pastedeploy = ["d423fb9d51fdcf853aa4ff43ac7ec469b643ea19590f67488122d6d0d772350a", "fe53697ec2754703096b75d0ba29112b0590b4ce46726fe4f9408fd006e4eefc"]
plaster = ["215c921a438b5349931fd7df9a5a11a3572947f20f4bc6dd622ac08f1c3ba249", "8351c7c7efdf33084c1de88dd0f422cbe7342534537b553c49b857b12d98c8c3"]
plaster-pastedeploy = ["391d93a4e1ff81fc3bae27508ebb765b61f1724ae6169f83577f06b6357be7fd", "7c8aa37c917b615c70bf942b24dc1e0455c49f62f1a2214b1a0dd98871644bbb"]
py-applescript = ["efb6ee624aee3b296f2d49b8739243a19641afb7da20ebd187e4f79b2866ae47"]
pyobjc-core = ["198b0490b50d261aa155295b6b9f7d154a52a6bb6a67b8e3704bb29820512a6c", "19b98162bb42de01b05bb6c3c32e2c533085ce98799c6451177550416430188a", "30098aa6242b873c35546e8771e13989685d9310de76cf32d5c4d35355394899", "313f8868d5125d740a579e9565c777342b4676afce312073f84e292de0896b0e", "4a2703684d90ac323261bc4155ca839e924986354a1c23a4bb35c4da9219d37b", "9f63e76e1e1ff345aa00436247a6c914c1b2e54b1b192fe65b17496dc866f544", "aa63dd6bc1a45d0ec247088a92dad1d39a7b9282835823ea9cb79c02c23e9d0f", "f76ed67ae902ea4bf6b673962520334b0ae26910c294b6ffbd2ac1af9b62ea0f"]
pyobjc-framework-applescriptkit = ["6cacfdb736ea2b844a92e8e453db961bc2d567d2e88c0ab43f13baa383cb4717", "fcf59b5e23c04c239e573feb881acc86ee6dbdeeb92477dd276529b754fdbf22"]
pyobjc-framework-cocoa = ["15c0f28b39ff638d73d2f1c400c92ec8cb4904193e2650ce51dd9b8bd4435362", "38001a7cbc49452e844fef011546322683f3fe782f84c62cc1e03c79341dff42", "58691c40df5d7e1a8baf6cf68b579a6b1fe3b7d9ab735c6015cc0e03a146fd38", "80610ece3ff537c41f31c5a149e4253caa75ce46e6a6bfc2e00fcaff154f8a7d", "99b33ab038b90e8866e4cb510213f235c3010982fa425d8f34850c45ece30c43", "c1b7f5418848faf0106dbd06462f37e0fa3cade8fba869e7299f282f89651cc8", "d97fd162a60e4dc8384b4fe2cc4916039f3a8b6c8545d9df0ad35c580c1424ea", "e11c70043c5adb2acb275773396f0e4899f987749de92081e6d32f68a6abb8ed"]
pyramid = ["51bf64647345237c00d2fe558935e0e4938c156e29f17e203457fd8e1d757dc7", "d80ccb8cfa550139b50801591d4ca8a5575334adb493c402fce2312f55d07d66"]
python-dateutil = ["7e6584c74aeed623791615e26efd690f29817a27c73085b78e4bad02493df2fb", "c89805f6f4d64db21ed966fda138f8a5ed7a4fdbc1a8ee329ce1b74e3c74da9e"]
simplejson = ["067a7177ddfa32e1483ba5169ebea1bc2ea27f224853211ca669325648ca5642", "2b8cb601d9ba0381499db719ccc9dfbb2fbd16013f5ff096b1a68a4775576a04", "2c139daf167b96f21542248f8e0a06596c9b9a7a41c162cc5c9ee9f3833c93cd", "2fc546e6af49fb45b93bbe878dea4c48edc34083729c0abd09981fe55bdf7f91", "354fa32b02885e6dae925f1b5bbf842c333c1e11ea5453ddd67309dc31fdb40a", "37e685986cf6f8144607f90340cff72d36acf654f3653a6c47b84c5c38d00df7", "3af610ee72efbe644e19d5eaad575c73fb83026192114e5f6719f4901097fce2", "3b919fc9cf508f13b929a9b274c40786036b31ad28657819b3b9ba44ba651f50", "3dd289368bbd064974d9a5961101f080e939cbe051e6689a193c99fb6e9ac89b", "491de7acc423e871a814500eb2dcea8aa66c4a4b1b4825d18f756cdf58e370cb", "495511fe5f10ccf4e3ed4fc0c48318f533654db6c47ecbc970b4ed215c791968", "65b41a5cda006cfa7c66eabbcf96aa704a6be2a5856095b9e2fd8c293bad2b46", "6c3258ffff58712818a233b9737fe4be943d306c40cf63d14ddc82ba563f483a", "75e3f0b12c28945c08f54350d91e624f8dd580ab74fd4f1bbea54bc6b0165610", "79b129fe65fdf3765440f7a73edaffc89ae9e7885d4e2adafe6aa37913a00fbb", "b1f329139ba647a9548aa05fb95d046b4a677643070dc2afc05fa2e975d09ca5", "c206f47cbf9f32b573c9885f0ec813d2622976cf5effcf7e472344bc2e020ac1", "d8e238f20bcf70063ee8691d4a72162bcec1f4c38f83c93e6851e72ad545dabb", "ee9625fc8ee164902dfbb0ff932b26df112da9f871c32f0f9c1bcf20c350fe2a", "fb2530b53c28f0d4d84990e945c2ebb470edb469d63e389bf02ff409012fe7c5", "feadb95170e45f439455354904768608e356c5b174ca30b3d11b0e3f24b5c0df"]
six = ["3350809f0555b11f552448330d0b52d5f24c91a322ea4a15ef22629740f3761c", "d16a0141ec1a18405cd4ce8b4613101da75da0e9a7aec5bdd4fa804d0e0eba73"]
tqdm = ["536e5a0205b6401d8aaf04b21469949c178dbe3642e3c76d3bb494a83cb22a10", "60bbaa6700e87a250f6abcbbd7ddb33243ad592240ba46afce5305b15b406fad"]
translationstring = ["4ee44cfa58c52ade8910ea0ebc3d2d84bdcad9fa0422405b1801ec9b9a65b72d", "e26c7bf383413234ed442e0980a2ebe192b95e3745288a8fd2805156d27515b4"]
venusian = ["2f2d077a1eedc3fda40425f65687c8c494da7e83d7c23bc2c4d1a40eb3ca5b6d", "64ec8285b80b110d0ae5db4280e90e31848a59db98db1aba4d7d46f48ce91e3e"]
waitress = ["4e2a6e6fca56d6d3c279f68a2b2cc9b4798d834ea3c3a9db3e2b76b6d66f4526", "90fe750cd40b282fae877d3c866255d485de18e8a232e93de42ebd9fb750eebb"]
webob = ["05aaab7975e0ee8af2026325d656e5ce14a71f1883c52276181821d6d5bf7086", "36db8203c67023d68c1b00208a7bf55e3b10de2aa317555740add29c619de12b"]
"zope.deprecation" = ["0d453338f04bacf91bbfba545d8bcdf529aa829e67b705eac8c1a7fdce66e2df", "f1480b74995958b24ce37b0ef04d3663d2683e5d6debc96726eff18acf4ea113"]
"zope.interface" = ["086707e0f413ff8800d9c4bc26e174f7ee4c9c8b0302fbad68d083071822316c", "1157b1ec2a1f5bf45668421e3955c60c610e31913cc695b407a574efdbae1f7b", "11ebddf765bff3bbe8dbce10c86884d87f90ed66ee410a7e6c392086e2c63d02", "14b242d53f6f35c2d07aa2c0e13ccb710392bcd203e1b82a1828d216f6f6b11f", "1b3d0dcabc7c90b470e59e38a9acaa361be43b3a6ea644c0063951964717f0e5", "20a12ab46a7e72b89ce0671e7d7a6c3c1ca2c2766ac98112f78c5bddaa6e4375", "298f82c0ab1b182bd1f34f347ea97dde0fffb9ecf850ecf7f8904b8442a07487", "2f6175722da6f23dbfc76c26c241b67b020e1e83ec7fe93c9e5d3dd18667ada2", "3b877de633a0f6d81b600624ff9137312d8b1d0f517064dfc39999352ab659f0", "4265681e77f5ac5bac0905812b828c9fe1ce80c6f3e3f8574acfb5643aeabc5b", "550695c4e7313555549aa1cdb978dc9413d61307531f123558e438871a883d63", "5f4d42baed3a14c290a078e2696c5f565501abde1b2f3f1a1c0a94fbf6fbcc39", "62dd71dbed8cc6a18379700701d959307823b3b2451bdc018594c48956ace745", "7040547e5b882349c0a2cc9b50674b1745db551f330746af434aad4f09fba2cc", "7e099fde2cce8b29434684f82977db4e24f0efa8b0508179fce1602d103296a2", "7e5c9a5012b2b33e87980cee7d1c82412b2ebabcb5862d53413ba1a2cfde23aa", "81295629128f929e73be4ccfdd943a0906e5fe3cdb0d43ff1e5144d16fbb52b1", "95cc574b0b83b85be9917d37cd2fad0ce5a0d21b024e1a5804d044aabea636fc", "968d5c5702da15c5bf8e4a6e4b67a4d92164e334e9c0b6acf080106678230b98", "9e998ba87df77a85c7bed53240a7257afe51a07ee6bc3445a0bf841886da0b97", "a0c39e2535a7e9c195af956610dba5a1073071d2d85e9d2e5d789463f63e52ab", "a15e75d284178afe529a536b0e8b28b7e107ef39626a7809b4ee64ff3abc9127", "a6a6ff82f5f9b9702478035d8f6fb6903885653bff7ec3a1e011edc9b1a7168d", "b639f72b95389620c1f881d94739c614d385406ab1d6926a9ffe1c8abbea23fe", "bad44274b151d46619a7567010f7cde23a908c6faa84b97598fd2f474a0c6891", "bbcef00d09a30948756c5968863316c949d9cedbc7aabac5e8f0ffbdb632e5f1", "d788a3999014ddf416f2dc454efa4a5dbeda657c6aba031cf363741273804c6b", "eed88ae03e1ef3a75a0e96a55a99d7937ed03e53d0cffc2451c208db445a2966", "f99451f3a579e73b5dd58b1b08d1179791d49084371d9a47baad3b22417f0317"]
